version = 1
revision = 3
requires-python = ">=3.11"

[[package]]
name = "pymodbus"
version = "3.14.0"
source = { registry = "https://pypi.org/simple" }
sdist = { url = "https://files.pythonhosted.org/packages/90/55/ea2a6bb2e61926013df736cf7bba2405caafad36ab919bc6104c3cad1ea0/pymodbus-3.14.0.tar.gz", hash = "sha256:f1f486ec45b77b7565c5168c9609e244a4a6428d386f3cff56eb85a2297cd10c", size = 165886, upload-time = "2026-07-12T14:22:48.02Z" }
wheels = [
    { url = "https://files.pythonhosted.org/packages/22/18/614c8e62787b5057317c1f59e632ee842717c169f4d27440b724ade19d9f/pymodbus-3.14.0-py3-none-any.whl", hash = "sha256:408f7a9594073a979e7749f0225508b8491ef74fa1979c81011dee96a7a7570c", size = 166539, upload-time = "2026-07-12T14:22:46.391Z" },
]

[[package]]
name = "sandworm-emulation"
version = "0.1.0"
source = { virtual = "." }
dependencies = [
    { name = "pymodbus" },
]

[package.metadata]
requires-dist = [{ name = "pymodbus", specifier = ">=3.14.0" }]
